
Microsoft Visual Studio Solution File, Format Version 12.00
# Visual Studio Version 17
VisualStudioVersion = 17.1.32421.90
MinimumVisualStudioVersion = 10.0.40219.1
Project("{FAE04EC0-301F-11D3-BF4B-00C04F79EFBC}") = "perfect-numbers", "perfect-numbers\perfect-numbers.csproj", "{7BC7D755-19AE-409B-9C62-C4F10EE1DF38}"
EndProject
Global
	GlobalSection(SolutionConfigurationPlatforms) = preSolution
		Debug|Any CPU = Debug|Any CPU
		Release|Any CPU = Release|Any CPU
	EndGlobalSection
	GlobalSection(ProjectConfigurationPlatforms) = postSolution
		{7BC7D755-19AE-409B-9C62-C4F10EE1DF38}.Debug|Any CPU.ActiveCfg = Debug|Any CPU
		{7BC7D755-19AE-409B-9C62-C4F10EE1DF38}.Debug|Any CPU.Build.0 = Debug|Any CPU
		{7BC7D755-19AE-409B-9C62-C4F10EE1DF38}.Release|Any CPU.ActiveCfg = Release|Any CPU
		{7BC7D755-19AE-409B-9C62-C4F10EE1DF38}.Release|Any CPU.Build.0 = Release|Any CPU
	EndGlobalSection
	GlobalSection(SolutionProperties) = preSolution
		HideSolutionNode = FALSE
	EndGlobalSection
	GlobalSection(ExtensibilityGlobals) = postSolution
		SolutionGuid = {D1616003-35D5-44C1-B579-8CDB665F9A2F}
	EndGlobalSection
EndGlobal
